
Microsoft Visual Studio Solution File, Format Version 12.00
# Visual Studio Version 18
VisualStudioVersion = 18.6.11822.322
MinimumVisualStudioVersion = 10.0.40219.1
Project("{9A19103F-16F7-4668-BE54-9A1E7A4F7556}") = "TestHosts", "TestHosts\TestHosts.csproj", "{2AA295CE-3480-4206-A4AE-47112F00BF8F}"
EndProject
Project("{FAE04EC0-301F-11D3-BF4B-00C04F79EFBC}") = "TestHosts.IntegrationTests", "TestHosts.IntegrationTests\TestHosts.IntegrationTests.csproj", "{E242FAB3-8F81-43E4-B76A-654F876DB840}"
EndProject
Project("{FAE04EC0-301F-11D3-BF4B-00C04F79EFBC}") = "TestHosts.DataTransferObjects", "TestHosts.DataTransferObjects\TestHosts.DataTransferObjects.csproj", "{EF0A5414-7D16-486A-A042-790C6768B7F4}"
EndProject
Project("{FAE04EC0-301F-11D3-BF4B-00C04F79EFBC}") = "TestHosts.Clients", "TestHosts.Clients\TestHosts.Clients.csproj", "{4E96C5C3-9ABD-44B6-9047-64A78BF40B09}"
EndProject
Project("{2150E333-8FDC-42A3-9474-1A3956D46DE8}") = "Solution Items", "Solution Items", "{50B827EF-9E58-48D0-9CD9-6F32B2DF236A}"
	ProjectSection(SolutionItems) = preProject
		Directory.Packages.props = Directory.Packages.props
	EndProjectSection
EndProject
Project("{2150E333-8FDC-42A3-9474-1A3956D46DE8}") = "src", "src", "{EE95A101-2EFF-4E8E-A603-1587901B6319}"
EndProject
Project("{2150E333-8FDC-42A3-9474-1A3956D46DE8}") = "test", "test", "{208122B0-E9C8-402B-AAA0-354082F8058E}"
EndProject
Global
	GlobalSection(SolutionConfigurationPlatforms) = preSolution
		Debug|Any CPU = Debug|Any CPU
		Release|Any CPU = Release|Any CPU
	EndGlobalSection
	GlobalSection(ProjectConfigurationPlatforms) = postSolution
		{2AA295CE-3480-4206-A4AE-47112F00BF8F}.Debug|Any CPU.ActiveCfg = Debug|Any CPU
		{2AA295CE-3480-4206-A4AE-47112F00BF8F}.Debug|Any CPU.Build.0 = Debug|Any CPU
		{2AA295CE-3480-4206-A4AE-47112F00BF8F}.Release|Any CPU.ActiveCfg = Release|Any CPU
		{2AA295CE-3480-4206-A4AE-47112F00BF8F}.Release|Any CPU.Build.0 = Release|Any CPU
		{E242FAB3-8F81-43E4-B76A-654F876DB840}.Debug|Any CPU.ActiveCfg = Debug|Any CPU
		{E242FAB3-8F81-43E4-B76A-654F876DB840}.Debug|Any CPU.Build.0 = Debug|Any CPU
		{E242FAB3-8F81-43E4-B76A-654F876DB840}.Release|Any CPU.ActiveCfg = Release|Any CPU
		{E242FAB3-8F81-43E4-B76A-654F876DB840}.Release|Any CPU.Build.0 = Release|Any CPU
		{EF0A5414-7D16-486A-A042-790C6768B7F4}.Debug|Any CPU.ActiveCfg = Debug|Any CPU
		{EF0A5414-7D16-486A-A042-790C6768B7F4}.Debug|Any CPU.Build.0 = Debug|Any CPU
		{EF0A5414-7D16-486A-A042-790C6768B7F4}.Release|Any CPU.ActiveCfg = Release|Any CPU
		{EF0A5414-7D16-486A-A042-790C6768B7F4}.Release|Any CPU.Build.0 = Release|Any CPU
		{4E96C5C3-9ABD-44B6-9047-64A78BF40B09}.Debug|Any CPU.ActiveCfg = Debug|Any CPU
		{4E96C5C3-9ABD-44B6-9047-64A78BF40B09}.Debug|Any CPU.Build.0 = Debug|Any CPU
		{4E96C5C3-9ABD-44B6-9047-64A78BF40B09}.Release|Any CPU.ActiveCfg = Release|Any CPU
		{4E96C5C3-9ABD-44B6-9047-64A78BF40B09}.Release|Any CPU.Build.0 = Release|Any CPU
	EndGlobalSection
	GlobalSection(SolutionProperties) = preSolution
		HideSolutionNode = FALSE
	EndGlobalSection
	GlobalSection(NestedProjects) = preSolution
		{2AA295CE-3480-4206-A4AE-47112F00BF8F} = {EE95A101-2EFF-4E8E-A603-1587901B6319}
		{E242FAB3-8F81-43E4-B76A-654F876DB840} = {208122B0-E9C8-402B-AAA0-354082F8058E}
		{EF0A5414-7D16-486A-A042-790C6768B7F4} = {EE95A101-2EFF-4E8E-A603-1587901B6319}
		{4E96C5C3-9ABD-44B6-9047-64A78BF40B09} = {EE95A101-2EFF-4E8E-A603-1587901B6319}
	EndGlobalSection
	GlobalSection(ExtensibilityGlobals) = postSolution
		SolutionGuid = {B1819E4D-394A-48C4-B9EC-1E7D0B0D4764}
	EndGlobalSection
EndGlobal
